
Microsoft Visual Studio Solution File, Format Version 12.00
# Visual Studio 15
VisualStudioVersion = 15.0.27130.2027
MinimumVisualStudioVersion = 10.0.40219.1
Project("{FAE04EC0-301F-11D3-BF4B-00C04F79EFBC}") = "WordSearch_Optimization", "WordSearch_Optimization\WordSearch_Optimization.csproj", "{F2F7F937-6DB7-4BE0-B629-6C3D7E8B025B}"
EndProject
Global
	GlobalSection(SolutionConfigurationPlatforms) = preSolution
		Debug|Any CPU = Debug|Any CPU
		Release|Any CPU = Release|Any CPU
	EndGlobalSection
	GlobalSection(ProjectConfigurationPlatforms) = postSolution
		{F2F7F937-6DB7-4BE0-B629-6C3D7E8B025B}.Debug|Any CPU.ActiveCfg = Debug|Any CPU
		{F2F7F937-6DB7-4BE0-B629-6C3D7E8B025B}.Debug|Any CPU.Build.0 = Debug|Any CPU
		{F2F7F937-6DB7-4BE0-B629-6C3D7E8B025B}.Release|Any CPU.ActiveCfg = Release|Any CPU
		{F2F7F937-6DB7-4BE0-B629-6C3D7E8B025B}.Release|Any CPU.Build.0 = Release|Any CPU
	EndGlobalSection
	GlobalSection(SolutionProperties) = preSolution
		HideSolutionNode = FALSE
	EndGlobalSection
	GlobalSection(ExtensibilityGlobals) = postSolution
		SolutionGuid = {D69DB092-A56B-460B-82EA-0C1C130C3DE1}
	EndGlobalSection
EndGlobal
